
Microsoft Visual Studio Solution File, Format Version 11.00
# Visual Studio 2010
Project("{FAE04EC0-301F-11D3-BF4B-00C04F79EFBC}") = "Racing_Car", "Assembly-CSharp.csproj", "{DBF7C943-42C6-0143-7BB1-6774D9E0F977}"
EndProject
Project("{FAE04EC0-301F-11D3-BF4B-00C04F79EFBC}") = "Racing_Car", "Assembly-CSharp-firstpass.csproj", "{6FA1435E-0F0B-C5D3-7477-8D8C348A04DC}"
EndProject
Project("{FAE04EC0-301F-11D3-BF4B-00C04F79EFBC}") = "Racing_Car", "Assembly-CSharp-Editor-firstpass.csproj", "{3C172064-362A-3A10-925E-66E8B552E947}"
EndProject
Global
	GlobalSection(SolutionConfigurationPlatforms) = preSolution
		Debug|Any CPU = Debug|Any CPU
		Release|Any CPU = Release|Any CPU
	EndGlobalSection
	GlobalSection(ProjectConfigurationPlatforms) = postSolution
		{DBF7C943-42C6-0143-7BB1-6774D9E0F977}.Debug|Any CPU.ActiveCfg = Debug|Any CPU
		{DBF7C943-42C6-0143-7BB1-6774D9E0F977}.Debug|Any CPU.Build.0 = Debug|Any CPU
		{DBF7C943-42C6-0143-7BB1-6774D9E0F977}.Release|Any CPU.ActiveCfg = Release|Any CPU
		{DBF7C943-42C6-0143-7BB1-6774D9E0F977}.Release|Any CPU.Build.0 = Release|Any CPU
		{6FA1435E-0F0B-C5D3-7477-8D8C348A04DC}.Debug|Any CPU.ActiveCfg = Debug|Any CPU
		{6FA1435E-0F0B-C5D3-7477-8D8C348A04DC}.Debug|Any CPU.Build.0 = Debug|Any CPU
		{6FA1435E-0F0B-C5D3-7477-8D8C348A04DC}.Release|Any CPU.ActiveCfg = Release|Any CPU
		{6FA1435E-0F0B-C5D3-7477-8D8C348A04DC}.Release|Any CPU.Build.0 = Release|Any CPU
		{3C172064-362A-3A10-925E-66E8B552E947}.Debug|Any CPU.ActiveCfg = Debug|Any CPU
		{3C172064-362A-3A10-925E-66E8B552E947}.Debug|Any CPU.Build.0 = Debug|Any CPU
		{3C172064-362A-3A10-925E-66E8B552E947}.Release|Any CPU.ActiveCfg = Release|Any CPU
		{3C172064-362A-3A10-925E-66E8B552E947}.Release|Any CPU.Build.0 = Release|Any CPU
	EndGlobalSection
	GlobalSection(SolutionProperties) = preSolution
		HideSolutionNode = FALSE
	EndGlobalSection
	GlobalSection(MonoDevelopProperties) = preSolution
		StartupItem = Assembly-CSharp.csproj
	EndGlobalSection
EndGlobal
